
Microsoft Visual Studio Solution File, Format Version 12.00
# Visual Studio Version 17
VisualStudioVersion = 17.10.35122.118
MinimumVisualStudioVersion = 10.0.40219.1
Project("{FAE04EC0-301F-11D3-BF4B-00C04F79EFBC}") = "Walks.Api", "Walks.Api\Walks.Api.csproj", "{5F92DA24-EB56-4F28-AD8B-62C6303A884F}"
EndProject
Global
	GlobalSection(SolutionConfigurationPlatforms) = preSolution
		Debug|Any CPU = Debug|Any CPU
		Release|Any CPU = Release|Any CPU
	EndGlobalSection
	GlobalSection(ProjectConfigurationPlatforms) = postSolution
		{5F92DA24-EB56-4F28-AD8B-62C6303A884F}.Debug|Any CPU.ActiveCfg = Debug|Any CPU
		{5F92DA24-EB56-4F28-AD8B-62C6303A884F}.Debug|Any CPU.Build.0 = Debug|Any CPU
		{5F92DA24-EB56-4F28-AD8B-62C6303A884F}.Release|Any CPU.ActiveCfg = Release|Any CPU
		{5F92DA24-EB56-4F28-AD8B-62C6303A884F}.Release|Any CPU.Build.0 = Release|Any CPU
	EndGlobalSection
	GlobalSection(SolutionProperties) = preSolution
		HideSolutionNode = FALSE
	EndGlobalSection
	GlobalSection(ExtensibilityGlobals) = postSolution
		SolutionGuid = {6ACAB6A3-9479-458A-8DB9-9F58BFF99C59}
	EndGlobalSection
EndGlobal
